// !$*UTF8*$!
{
	archiveVersion = 1;
	classes = {
	};
	objectVersion = 77;
	objects = {

/* Begin PBXBuildFile section */
		CB1922112FA7DB0000DC1EFB /* Instrument_Serif.zip in Resources */ = {isa = PBXBuildFile; fileRef = CB1922102FA7DB0000DC1EFB /* Instrument_Serif.zip */; };
		CB87FED92FA673E900C4AAAE /* Visa_export.csv in Resources */ = {isa = PBXBuildFile; fileRef = CB87FED82FA673E900C4AAAE /* Visa_export.csv */; };
		CB87FF022FA73C5700C4AAAE /* FirebaseAuth in Frameworks */ = {isa = PBXBuildFile; productRef = CB87FF012FA73C5700C4AAAE /* FirebaseAuth */; };
		CB87FF042FA73F2C00C4AAAE /* GoogleService-Info.plist in Resources */ = {isa = PBXBuildFile; fileRef = CB87FF032FA73F2C00C4AAAE /* GoogleService-Info.plist */; };
		CB87FF072FA73C5700C4AAAE /* FirebaseFirestore in Frameworks */ = {isa = PBXBuildFile; productRef = CB87FF062FA73C5700C4AAAE /* FirebaseFirestore */; };
		CB9848E02FB0AF03006838AD /* DMSans-VariableFont_opsz,wght.ttf in Resources */ = {isa = PBXBuildFile; fileRef = CB9848DF2FB0AF02006838AD /* DMSans-VariableFont_opsz,wght.ttf */; };
/* End PBXBuildFile section */

/* Begin PBXContainerItemProxy section */
		CB87FEAE2FA6631600C4AAAE /* PBXContainerItemProxy */ = {
			isa = PBXContainerItemProxy;
			containerPortal = CB87FE982FA6631300C4AAAE /* Project object */;
			proxyType = 1;
			remoteGlobalIDString = CB87FE9F2FA6631300C4AAAE;
			remoteInfo = Boundr;
		};
		CB87FEB82FA6631600C4AAAE /* PBXContainerItemProxy */ = {
			isa = PBXContainerItemProxy;
			containerPortal = CB87FE982FA6631300C4AAAE /* Project object */;
			proxyType = 1;
			remoteGlobalIDString = CB87FE9F2FA6631300C4AAAE;
			remoteInfo = Boundr;
		};
/* End PBXContainerItemProxy section */

/* Begin PBXFileReference section */
		CB1922102FA7DB0000DC1EFB /* Instrument_Serif.zip */ = {isa = PBXFileReference; lastKnownFileType = archive.zip; path = Instrument_Serif.zip; sourceTree = "<group>"; };
		CB87FEA02FA6631300C4AAAE /* Boundr.app */ = {isa = PBXFileReference; explicitFileType = wrapper.application; includeInIndex = 0; path = Boundr.app; sourceTree = BUILT_PRODUCTS_DIR; };
		CB87FEAD2FA6631600C4AAAE /* BoundrTests.xctest */ = {isa = PBXFileReference; explicitFileType = wrapper.cfbundle; includeInIndex = 0; path = BoundrTests.xctest; sourceTree = BUILT_PRODUCTS_DIR; };
		CB87FEB72FA6631600C4AAAE /* BoundrUITests.xctest */ = {isa = PBXFileReference; explicitFileType = wrapper.cfbundle; includeInIndex = 0; path = BoundrUITests.xctest; sourceTree = BUILT_PRODUCTS_DIR; };
		CB87FED82FA673E900C4AAAE /* Visa_export.csv */ = {isa = PBXFileReference; lastKnownFileType = text; path = Visa_export.csv; sourceTree = "<group>"; };
		CB87FF032FA73F2C00C4AAAE /* GoogleService-Info.plist */ = {isa = PBXFileReference; lastKnownFileType = text.plist.xml; path = "GoogleService-Info.plist"; sourceTree = "<group>"; };
		CB9848DF2FB0AF02006838AD /* DMSans-VariableFont_opsz,wght.ttf */ = {isa = PBXFileReference; lastKnownFileType = file; path = "DMSans-VariableFont_opsz,wght.ttf"; sourceTree = "<group>"; };
/* End PBXFileReference section */

/* Begin PBXFileSystemSynchronizedRootGroup section */
		CB87FEA22FA6631300C4AAAE /* Boundr */ = {
			isa = PBXFileSystemSynchronizedRootGroup;
			path = Boundr;
			sourceTree = "<group>";
		};
		CB87FEB02FA6631600C4AAAE /* BoundrTests */ = {
			isa = PBXFileSystemSynchronizedRootGroup;
			path = BoundrTests;
			sourceTree = "<group>";
		};
		CB87FEBA2FA6631600C4AAAE /* BoundrUITests */ = {
			isa = PBXFileSystemSynchronizedRootGroup;
			path = BoundrUITests;
			sourceTree = "<group>";
		};
/* End PBXFileSystemSynchronizedRootGroup section */

/* Begin PBXFrameworksBuildPhase section */
		CB87FE9D2FA6631300C4AAAE /* Frameworks */ = {
			isa = PBXFrameworksBuildPhase;
			buildActionMask = 2147483647;
			files = (
				CB87FF022FA73C5700C4AAAE /* FirebaseAuth in Frameworks */,
				CB87FF072FA73C5700C4AAAE /* FirebaseFirestore in Frameworks */,
			);
			runOnlyForDeploymentPostprocessing = 0;
		};
		CB87FEAA2FA6631600C4AAAE /* Frameworks */ = {
			isa = PBXFrameworksBuildPhase;
			buildActionMask = 2147483647;
			files = (
			);
			runOnlyForDeploymentPostprocessing = 0;
		};
		CB87FEB42FA6631600C4AAAE /* Frameworks */ = {
			isa = PBXFrameworksBuildPhase;
			buildActionMask = 2147483647;
			files = (
			);
			runOnlyForDeploymentPostprocessing = 0;
		};
/* End PBXFrameworksBuildPhase section */

/* Begin PBXGroup section */
		CB87FE972FA6631300C4AAAE = {
			isa = PBXGroup;
			children = (
				CB87FED82FA673E900C4AAAE /* Visa_export.csv */,
				CB87FEA22FA6631300C4AAAE /* Boundr */,
				CB87FEB02FA6631600C4AAAE /* BoundrTests */,
				CB87FEBA2FA6631600C4AAAE /* BoundrUITests */,
				CB87FEA12FA6631300C4AAAE /* Products */,
				CB87FF032FA73F2C00C4AAAE /* GoogleService-Info.plist */,
				CB1922102FA7DB0000DC1EFB /* Instrument_Serif.zip */,
				CB9848DF2FB0AF02006838AD /* DMSans-VariableFont_opsz,wght.ttf */,
			);
			sourceTree = "<group>";
		};
		CB87FEA12FA6631300C4AAAE /* Products */ = {
			isa = PBXGroup;
			children = (
				CB87FEA02FA6631300C4AAAE /* Boundr.app */,
				CB87FEAD2FA6631600C4AAAE /* BoundrTests.xctest */,
				CB87FEB72FA6631600C4AAAE /* BoundrUITests.xctest */,
			);
			name = Products;
			sourceTree = "<group>";
		};
/* End PBXGroup section */

/* Begin PBXNativeTarget section */
		CB87FE9F2FA6631300C4AAAE /* Boundr */ = {
			isa = PBXNativeTarget;
			buildConfigurationList = CB87FEC12FA6631600C4AAAE /* Build configuration list for PBXNativeTarget "Boundr" */;
			buildPhases = (
				CB87FE9C2FA6631300C4AAAE /* Sources */,
				CB87FE9D2FA6631300C4AAAE /* Frameworks */,
				CB87FE9E2FA6631300C4AAAE /* Resources */,
			);
			buildRules = (
			);
			dependencies = (
			);
			fileSystemSynchronizedGroups = (
				CB87FEA22FA6631300C4AAAE /* Boundr */,
			);
			name = Boundr;
			packageProductDependencies = (
				CB87FF012FA73C5700C4AAAE /* FirebaseAuth */,
				CB87FF062FA73C5700C4AAAE /* FirebaseFirestore */,
			);
			productName = Boundr;
			productReference = CB87FEA02FA6631300C4AAAE /* Boundr.app */;
			productType = "com.apple.product-type.application";
		};
		CB87FEAC2FA6631600C4AAAE /* BoundrTests */ = {
			isa = PBXNativeTarget;
			buildConfigurationList = CB87FEC42FA6631600C4AAAE /* Build configuration list for PBXNativeTarget "BoundrTests" */;
			buildPhases = (
				CB87FEA92FA6631600C4AAAE /* Sources */,
				CB87FEAA2FA6631600C4AAAE /* Frameworks */,
				CB87FEAB2FA6631600C4AAAE /* Resources */,
			);
			buildRules = (
			);
			dependencies = (
				CB87FEAF2FA6631600C4AAAE /* PBXTargetDependency */,
			);
			fileSystemSynchronizedGroups = (
				CB87FEB02FA6631600C4AAAE /* BoundrTests */,
			);
			name = BoundrTests;
			packageProductDependencies = (
			);
			productName = BoundrTests;
			productReference = CB87FEAD2FA6631600C4AAAE /* BoundrTests.xctest */;
			productType = "com.apple.product-type.bundle.unit-test";
		};
		CB87FEB62FA6631600C4AAAE /* BoundrUITests */ = {
			isa = PBXNativeTarget;
			buildConfigurationList = CB87FEC72FA6631600C4AAAE /* Build configuration list for PBXNativeTarget "BoundrUITests" */;
			buildPhases = (
				CB87FEB32FA6631600C4AAAE /* Sources */,
				CB87FEB42FA6631600C4AAAE /* Frameworks */,
				CB87FEB52FA6631600C4AAAE /* Resources */,
			);
			buildRules = (
			);
			dependencies = (
				CB87FEB92FA6631600C4AAAE /* PBXTargetDependency */,
			);
			fileSystemSynchronizedGroups = (
				CB87FEBA2FA6631600C4AAAE /* BoundrUITests */,
			);
			name = BoundrUITests;
			packageProductDependencies = (
			);
			productName = BoundrUITests;
			productReference = CB87FEB72FA6631600C4AAAE /* BoundrUITests.xctest */;
			productType = "com.apple.product-type.bundle.ui-testing";
		};
/* End PBXNativeTarget section */

/* Begin PBXProject section */
		CB87FE982FA6631300C4AAAE /* Project object */ = {
			isa = PBXProject;
			attributes = {
				BuildIndependentTargetsInParallel = 1;
				LastSwiftUpdateCheck = 2640;
				LastUpgradeCheck = 2640;
				TargetAttributes = {
					CB87FE9F2FA6631300C4AAAE = {
						CreatedOnToolsVersion = 26.4.1;
					};
					CB87FEAC2FA6631600C4AAAE = {
						CreatedOnToolsVersion = 26.4.1;
						TestTargetID = CB87FE9F2FA6631300C4AAAE;
					};
					CB87FEB62FA6631600C4AAAE = {
						CreatedOnToolsVersion = 26.4.1;
						TestTargetID = CB87FE9F2FA6631300C4AAAE;
					};
				};
			};
			buildConfigurationList = CB87FE9B2FA6631300C4AAAE /* Build configuration list for PBXProject "Boundr" */;
			developmentRegion = en;
			hasScannedForEncodings = 0;
			knownRegions = (
				en,
				Base,
			);
			mainGroup = CB87FE972FA6631300C4AAAE;
			minimizedProjectReferenceProxies = 1;
			packageReferences = (
				CB87FF002FA73C5700C4AAAE /* XCRemoteSwiftPackageReference "firebase-ios-sdk" */,
			);
			preferredProjectObjectVersion = 77;
			productRefGroup = CB87FEA12FA6631300C4AAAE /* Products */;
			projectDirPath = "";
			projectRoot = "";
			targets = (
				CB87FE9F2FA6631300C4AAAE /* Boundr */,
				CB87FEAC2FA6631600C4AAAE /* BoundrTests */,
				CB87FEB62FA6631600C4AAAE /* BoundrUITests */,
			);
		};
/* End PBXProject section */

/* Begin PBXResourcesBuildPhase section */
		CB87FE9E2FA6631300C4AAAE /* Resources */ = {
			isa = PBXResourcesBuildPhase;
			buildActionMask = 2147483647;
			files = (
				CB87FF042FA73F2C00C4AAAE /* GoogleService-Info.plist in Resources */,
				CB1922112FA7DB0000DC1EFB /* Instrument_Serif.zip in Resources */,
				CB9848E02FB0AF03006838AD /* DMSans-VariableFont_opsz,wght.ttf in Resources */,
				CB87FED92FA673E900C4AAAE /* Visa_export.csv in Resources */,
			);
			runOnlyForDeploymentPostprocessing = 0;
		};
		CB87FEAB2FA6631600C4AAAE /* Resources */ = {
			isa = PBXResourcesBuildPhase;
			buildActionMask = 2147483647;
			files = (
			);
			runOnlyForDeploymentPostprocessing = 0;
		};
		CB87FEB52FA6631600C4AAAE /* Resources */ = {
			isa = PBXResourcesBuildPhase;
			buildActionMask = 2147483647;
			files = (
			);
			runOnlyForDeploymentPostprocessing = 0;
		};
/* End PBXResourcesBuildPhase section */

/* Begin PBXSourcesBuildPhase section */
		CB87FE9C2FA6631300C4AAAE /* Sources */ = {
			isa = PBXSourcesBuildPhase;
			buildActionMask = 2147483647;
			files = (
			);
			runOnlyForDeploymentPostprocessing = 0;
		};
		CB87FEA92FA6631600C4AAAE /* Sources */ = {
			isa = PBXSourcesBuildPhase;
			buildActionMask = 2147483647;
			files = (
			);
			runOnlyForDeploymentPostprocessing = 0;
		};
		CB87FEB32FA6631600C4AAAE /* Sources */ = {
			isa = PBXSourcesBuildPhase;
			buildActionMask = 2147483647;
			files = (
			);
			runOnlyForDeploymentPostprocessing = 0;
		};
/* End PBXSourcesBuildPhase section */

/* Begin PBXTargetDependency section */
		CB87FEAF2FA6631600C4AAAE /* PBXTargetDependency */ = {
			isa = PBXTargetDependency;
			target = CB87FE9F2FA6631300C4AAAE /* Boundr */;
			targetProxy = CB87FEAE2FA6631600C4AAAE /* PBXContainerItemProxy */;
		};
		CB87FEB92FA6631600C4AAAE /* PBXTargetDependency */ = {
			isa = PBXTargetDependency;
			target = CB87FE9F2FA6631300C4AAAE /* Boundr */;
			targetProxy = CB87FEB82FA6631600C4AAAE /* PBXContainerItemProxy */;
		};
/* End PBXTargetDependency section */

/* Begin XCBuildConfiguration section */
		CB87FEBF2FA6631600C4AAAE /* Debug */ = {
			isa = XCBuildConfiguration;
			buildSettings = {
				ALWAYS_SEARCH_USER_PATHS = NO;
				ASSETCATALOG_COMPILER_GENERATE_SWIFT_ASSET_SYMBOL_EXTENSIONS = YES;
				CLANG_ANALYZER_NONNULL = YES;
				CLANG_ANALYZER_NUMBER_OBJECT_CONVERSION = YES_AGGRESSIVE;
				CLANG_CXX_LANGUAGE_STANDARD = "gnu++20";
				CLANG_ENABLE_MODULES = YES;
				CLANG_ENABLE_OBJC_ARC = YES;
				CLANG_ENABLE_OBJC_WEAK = YES;
				CLANG_WARN_BLOCK_CAPTURE_AUTORELEASING = YES;
				CLANG_WARN_BOOL_CONVERSION = YES;
				CLANG_WARN_COMMA = YES;
				CLANG_WARN_CONSTANT_CONVERSION = YES;
				CLANG_WARN_DEPRECATED_OBJC_IMPLEMENTATIONS = YES;
				CLANG_WARN_DIRECT_OBJC_ISA_USAGE = YES_ERROR;
				CLANG_WARN_DOCUMENTATION_COMMENTS = YES;
				CLANG_WARN_EMPTY_BODY = YES;
				CLANG_WARN_ENUM_CONVERSION = YES;
				CLANG_WARN_INFINITE_RECURSION = YES;
				CLANG_WARN_INT_CONVERSION = YES;
				CLANG_WARN_NON_LITERAL_NULL_CONVERSION = YES;
				CLANG_WARN_OBJC_IMPLICIT_RETAIN_SELF = YES;
				CLANG_WARN_OBJC_LITERAL_CONVERSION = YES;
				CLANG_WARN_OBJC_ROOT_CLASS = YES_ERROR;
				CLANG_WARN_QUOTED_INCLUDE_IN_FRAMEWORK_HEADER = YES;
				CLANG_WARN_RANGE_LOOP_ANALYSIS = YES;
				CLANG_WARN_STRICT_PROTOTYPES = YES;
				CLANG_WARN_SUSPICIOUS_MOVE = YES;
				CLANG_WARN_UNGUARDED_AVAILABILITY = YES_AGGRESSIVE;
				CLANG_WARN_UNREACHABLE_CODE = YES;
				CLANG_WARN__DUPLICATE_METHOD_MATCH = YES;
				COPY_PHASE_STRIP = NO;
				DEBUG_INFORMATION_FORMAT = dwarf;
				ENABLE_STRICT_OBJC_MSGSEND = YES;
				ENABLE_TESTABILITY = YES;
				ENABLE_USER_SCRIPT_SANDBOXING = YES;
				GCC_C_LANGUAGE_STANDARD = gnu17;
				GCC_DYNAMIC_NO_PIC = NO;
				GCC_NO_COMMON_BLOCKS = YES;
				GCC_OPTIMIZATION_LEVEL = 0;
				GCC_PREPROCESSOR_DEFINITIONS = (
					"DEBUG=1",
					"$(inherited)",
				);
				GCC_WARN_64_TO_32_BIT_CONVERSION = YES;
				GCC_WARN_ABOUT_RETURN_TYPE = YES_ERROR;
				GCC_WARN_UNDECLARED_SELECTOR = YES;
				GCC_WARN_UNINITIALIZED_AUTOS = YES_AGGRESSIVE;
				GCC_WARN_UNUSED_FUNCTION = YES;
				GCC_WARN_UNUSED_VARIABLE = YES;
				IPHONEOS_DEPLOYMENT_TARGET = 26.4;
				LOCALIZATION_PREFERS_STRING_CATALOGS = YES;
				MTL_ENABLE_DEBUG_INFO = INCLUDE_SOURCE;
				MTL_FAST_MATH = YES;
				ONLY_ACTIVE_ARCH = YES;
				SDKROOT = iphoneos;
				SWIFT_ACTIVE_COMPILATION_CONDITIONS = "DEBUG $(inherited)";
				SWIFT_OPTIMIZATION_LEVEL = "-Onone";
			};
			name = Debug;
		};
		CB87FEC02FA6631600C4AAAE /* Release */ = {
			isa = XCBuildConfiguration;
			buildSettings = {
				ALWAYS_SEARCH_USER_PATHS = NO;
				ASSETCATALOG_COMPILER_GENERATE_SWIFT_ASSET_SYMBOL_EXTENSIONS = YES;
				CLANG_ANALYZER_NONNULL = YES;
				CLANG_ANALYZER_NUMBER_OBJECT_CONVERSION = YES_AGGRESSIVE;
				CLANG_CXX_LANGUAGE_STANDARD = "gnu++20";
				CLANG_ENABLE_MODULES = YES;
				CLANG_ENABLE_OBJC_ARC = YES;
				CLANG_ENABLE_OBJC_WEAK = YES;
				CLANG_WARN_BLOCK_CAPTURE_AUTORELEASING = YES;
				CLANG_WARN_BOOL_CONVERSION = YES;
				CLANG_WARN_COMMA = YES;
				CLANG_WARN_CONSTANT_CONVERSION = YES;
				CLANG_WARN_DEPRECATED_OBJC_IMPLEMENTATIONS = YES;
				CLANG_WARN_DIRECT_OBJC_ISA_USAGE = YES_ERROR;
				CLANG_WARN_DOCUMENTATION_COMMENTS = YES;
				CLANG_WARN_EMPTY_BODY = YES;
				CLANG_WARN_ENUM_CONVERSION = YES;
				CLANG_WARN_INFINITE_RECURSION = YES;
				CLANG_WARN_INT_CONVERSION = YES;
				CLANG_WARN_NON_LITERAL_NULL_CONVERSION = YES;
				CLANG_WARN_OBJC_IMPLICIT_RETAIN_SELF = YES;
				CLANG_WARN_OBJC_LITERAL_CONVERSION = YES;
				CLANG_WARN_OBJC_ROOT_CLASS = YES_ERROR;
				CLANG_WARN_QUOTED_INCLUDE_IN_FRAMEWORK_HEADER = YES;
				CLANG_WARN_RANGE_LOOP_ANALYSIS = YES;
				CLANG_WARN_STRICT_PROTOTYPES = YES;
				CLANG_WARN_SUSPICIOUS_MOVE = YES;
				CLANG_WARN_UNGUARDED_AVAILABILITY = YES_AGGRESSIVE;
				CLANG_WARN_UNREACHABLE_CODE = YES;
				CLANG_WARN__DUPLICATE_METHOD_MATCH = YES;
				COPY_PHASE_STRIP = NO;
				DEBUG_INFORMATION_FORMAT = "dwarf-with-dsym";
				ENABLE_NS_ASSERTIONS = NO;
				ENABLE_STRICT_OBJC_MSGSEND = YES;
				ENABLE_USER_SCRIPT_SANDBOXING = YES;
				GCC_C_LANGUAGE_STANDARD = gnu17;
				GCC_NO_COMMON_BLOCKS = YES;
				GCC_WARN_64_TO_32_BIT_CONVERSION = YES;
				GCC_WARN_ABOUT_RETURN_TYPE = YES_ERROR;
				GCC_WARN_UNDECLARED_SELECTOR = YES;
				GCC_WARN_UNINITIALIZED_AUTOS = YES_AGGRESSIVE;
				GCC_WARN_UNUSED_FUNCTION = YES;
				GCC_WARN_UNUSED_VARIABLE = YES;
				IPHONEOS_DEPLOYMENT_TARGET = 26.4;
				LOCALIZATION_PREFERS_STRING_CATALOGS = YES;
				MTL_ENABLE_DEBUG_INFO = NO;
				MTL_FAST_MATH = YES;
				SDKROOT = iphoneos;
				SWIFT_COMPILATION_MODE = wholemodule;
				VALIDATE_PRODUCT = YES;
			};
			name = Release;
		};
		CB87FEC22FA6631600C4AAAE /* Debug */ = {
			isa = XCBuildConfiguration;
			buildSettings = {
				ASSETCATALOG_COMPILER_APPICON_NAME = AppIcon;
				ASSETCATALOG_COMPILER_GLOBAL_ACCENT_COLOR_NAME = AccentColor;
				CODE_SIGN_ENTITLEMENTS = Boundr/Boundr.entitlements;
				CODE_SIGN_STYLE = Automatic;
				CURRENT_PROJECT_VERSION = 1;
				ENABLE_PREVIEWS = YES;
				GENERATE_INFOPLIST_FILE = NO;
				INFOPLIST_FILE = Info.plist;
				INFOPLIST_KEY_UIApplicationSceneManifest_Generation = YES;
				INFOPLIST_KEY_UIApplicationSupportsIndirectInputEvents = YES;
				INFOPLIST_KEY_UILaunchScreen_Generation = YES;
				INFOPLIST_KEY_UISupportedInterfaceOrientations_iPad = "UIInterfaceOrientationPortrait UIInterfaceOrientationPortraitUpsideDown UIInterfaceOrientationLandscapeLeft UIInterfaceOrientationLandscapeRight";
				INFOPLIST_KEY_UISupportedInterfaceOrientations_iPhone = "UIInterfaceOrientationPortrait UIInterfaceOrientationLandscapeLeft UIInterfaceOrientationLandscapeRight";
				LD_RUNPATH_SEARCH_PATHS = (
					"$(inherited)",
					"@executable_path/Frameworks",
				);
				MARKETING_VERSION = 1.0;
				PRODUCT_BUNDLE_IDENTIFIER = online.tamireilon.Boundr;
				PRODUCT_NAME = "$(TARGET_NAME)";
				STRING_CATALOG_GENERATE_SYMBOLS = YES;
				SWIFT_APPROACHABLE_CONCURRENCY = YES;
				SWIFT_DEFAULT_ACTOR_ISOLATION = MainActor;
				SWIFT_EMIT_LOC_STRINGS = YES;
				SWIFT_UPCOMING_FEATURE_MEMBER_IMPORT_VISIBILITY = YES;
				SWIFT_VERSION = 5.0;
				TARGETED_DEVICE_FAMILY = "1,2";
			};
			name = Debug;
		};
		CB87FEC32FA6631600C4AAAE /* Release */ = {
			isa = XCBuildConfiguration;
			buildSettings = {
				ASSETCATALOG_COMPILER_APPICON_NAME = AppIcon;
				ASSETCATALOG_COMPILER_GLOBAL_ACCENT_COLOR_NAME = AccentColor;
				CODE_SIGN_ENTITLEMENTS = Boundr/Boundr.entitlements;
				CODE_SIGN_STYLE = Automatic;
				CURRENT_PROJECT_VERSION = 1;
				ENABLE_PREVIEWS = YES;
				GENERATE_INFOPLIST_FILE = NO;
				INFOPLIST_FILE = Info.plist;
				INFOPLIST_KEY_UIApplicationSceneManifest_Generation = YES;
				INFOPLIST_KEY_UIApplicationSupportsIndirectInputEvents = YES;
				INFOPLIST_KEY_UILaunchScreen_Generation = YES;
				INFOPLIST_KEY_UISupportedInterfaceOrientations_iPad = "UIInterfaceOrientationPortrait UIInterfaceOrientationPortraitUpsideDown UIInterfaceOrientationLandscapeLeft UIInterfaceOrientationLandscapeRight";
				INFOPLIST_KEY_UISupportedInterfaceOrientations_iPhone = "UIInterfaceOrientationPortrait UIInterfaceOrientationLandscapeLeft UIInterfaceOrientationLandscapeRight";
				LD_RUNPATH_SEARCH_PATHS = (
					"$(inherited)",
					"@executable_path/Frameworks",
				);
				MARKETING_VERSION = 1.0;
				PRODUCT_BUNDLE_IDENTIFIER = online.tamireilon.Boundr;
				PRODUCT_NAME = "$(TARGET_NAME)";
				STRING_CATALOG_GENERATE_SYMBOLS = YES;
				SWIFT_APPROACHABLE_CONCURRENCY = YES;
				SWIFT_DEFAULT_ACTOR_ISOLATION = MainActor;
				SWIFT_EMIT_LOC_STRINGS = YES;
				SWIFT_UPCOMING_FEATURE_MEMBER_IMPORT_VISIBILITY = YES;
				SWIFT_VERSION = 5.0;
				TARGETED_DEVICE_FAMILY = "1,2";
			};
			name = Release;
		};
		CB87FEC52FA6631600C4AAAE /* Debug */ = {
			isa = XCBuildConfiguration;
			buildSettings = {
				BUNDLE_LOADER = "$(TEST_HOST)";
				CODE_SIGN_STYLE = Automatic;
				CURRENT_PROJECT_VERSION = 1;
				GENERATE_INFOPLIST_FILE = YES;
				IPHONEOS_DEPLOYMENT_TARGET = 26.4;
				MARKETING_VERSION = 1.0;
				PRODUCT_BUNDLE_IDENTIFIER = online.tamireilon.BoundrTests;
				PRODUCT_NAME = "$(TARGET_NAME)";
				STRING_CATALOG_GENERATE_SYMBOLS = NO;
				SWIFT_APPROACHABLE_CONCURRENCY = YES;
				SWIFT_EMIT_LOC_STRINGS = NO;
				SWIFT_UPCOMING_FEATURE_MEMBER_IMPORT_VISIBILITY = YES;
				SWIFT_VERSION = 5.0;
				TARGETED_DEVICE_FAMILY = "1,2";
				TEST_HOST = "$(BUILT_PRODUCTS_DIR)/Boundr.app/$(BUNDLE_EXECUTABLE_FOLDER_PATH)/Boundr";
			};
			name = Debug;
		};
		CB87FEC62FA6631600C4AAAE /* Release */ = {
			isa = XCBuildConfiguration;
			buildSettings = {
				BUNDLE_LOADER = "$(TEST_HOST)";
				CODE_SIGN_STYLE = Automatic;
				CURRENT_PROJECT_VERSION = 1;
				GENERATE_INFOPLIST_FILE = YES;
				IPHONEOS_DEPLOYMENT_TARGET = 26.4;
				MARKETING_VERSION = 1.0;
				PRODUCT_BUNDLE_IDENTIFIER = online.tamireilon.BoundrTests;
				PRODUCT_NAME = "$(TARGET_NAME)";
				STRING_CATALOG_GENERATE_SYMBOLS = NO;
				SWIFT_APPROACHABLE_CONCURRENCY = YES;
				SWIFT_EMIT_LOC_STRINGS = NO;
				SWIFT_UPCOMING_FEATURE_MEMBER_IMPORT_VISIBILITY = YES;
				SWIFT_VERSION = 5.0;
				TARGETED_DEVICE_FAMILY = "1,2";
				TEST_HOST = "$(BUILT_PRODUCTS_DIR)/Boundr.app/$(BUNDLE_EXECUTABLE_FOLDER_PATH)/Boundr";
			};
			name = Release;
		};
		CB87FEC82FA6631600C4AAAE /* Debug */ = {
			isa = XCBuildConfiguration;
			buildSettings = {
				CODE_SIGN_STYLE = Automatic;
				CURRENT_PROJECT_VERSION = 1;
				GENERATE_INFOPLIST_FILE = YES;
				MARKETING_VERSION = 1.0;
				PRODUCT_BUNDLE_IDENTIFIER = online.tamireilon.BoundrUITests;
				PRODUCT_NAME = "$(TARGET_NAME)";
				STRING_CATALOG_GENERATE_SYMBOLS = NO;
				SWIFT_APPROACHABLE_CONCURRENCY = YES;
				SWIFT_EMIT_LOC_STRINGS = NO;
				SWIFT_UPCOMING_FEATURE_MEMBER_IMPORT_VISIBILITY = YES;
				SWIFT_VERSION = 5.0;
				TARGETED_DEVICE_FAMILY = "1,2";
				TEST_TARGET_NAME = Boundr;
			};
			name = Debug;
		};
		CB87FEC92FA6631600C4AAAE /* Release */ = {
			isa = XCBuildConfiguration;
			buildSettings = {
				CODE_SIGN_STYLE = Automatic;
				CURRENT_PROJECT_VERSION = 1;
				GENERATE_INFOPLIST_FILE = YES;
				MARKETING_VERSION = 1.0;
				PRODUCT_BUNDLE_IDENTIFIER = online.tamireilon.BoundrUITests;
				PRODUCT_NAME = "$(TARGET_NAME)";
				STRING_CATALOG_GENERATE_SYMBOLS = NO;
				SWIFT_APPROACHABLE_CONCURRENCY = YES;
				SWIFT_EMIT_LOC_STRINGS = NO;
				SWIFT_UPCOMING_FEATURE_MEMBER_IMPORT_VISIBILITY = YES;
				SWIFT_VERSION = 5.0;
				TARGETED_DEVICE_FAMILY = "1,2";
				TEST_TARGET_NAME = Boundr;
			};
			name = Release;
		};
/* End XCBuildConfiguration section */

/* Begin XCConfigurationList section */
		CB87FE9B2FA6631300C4AAAE /* Build configuration list for PBXProject "Boundr" */ = {
			isa = XCConfigurationList;
			buildConfigurations = (
				CB87FEBF2FA6631600C4AAAE /* Debug */,
				CB87FEC02FA6631600C4AAAE /* Release */,
			);
			defaultConfigurationIsVisible = 0;
			defaultConfigurationName = Release;
		};
		CB87FEC12FA6631600C4AAAE /* Build configuration list for PBXNativeTarget "Boundr" */ = {
			isa = XCConfigurationList;
			buildConfigurations = (
				CB87FEC22FA6631600C4AAAE /* Debug */,
				CB87FEC32FA6631600C4AAAE /* Release */,
			);
			defaultConfigurationIsVisible = 0;
			defaultConfigurationName = Release;
		};
		CB87FEC42FA6631600C4AAAE /* Build configuration list for PBXNativeTarget "BoundrTests" */ = {
			isa = XCConfigurationList;
			buildConfigurations = (
				CB87FEC52FA6631600C4AAAE /* Debug */,
				CB87FEC62FA6631600C4AAAE /* Release */,
			);
			defaultConfigurationIsVisible = 0;
			defaultConfigurationName = Release;
		};
		CB87FEC72FA6631600C4AAAE /* Build configuration list for PBXNativeTarget "BoundrUITests" */ = {
			isa = XCConfigurationList;
			buildConfigurations = (
				CB87FEC82FA6631600C4AAAE /* Debug */,
				CB87FEC92FA6631600C4AAAE /* Release */,
			);
			defaultConfigurationIsVisible = 0;
			defaultConfigurationName = Release;
		};
/* End XCConfigurationList section */

/* Begin XCRemoteSwiftPackageReference section */
		CB87FF002FA73C5700C4AAAE /* XCRemoteSwiftPackageReference "firebase-ios-sdk" */ = {
			isa = XCRemoteSwiftPackageReference;
			repositoryURL = "https://github.com/firebase/firebase-ios-sdk";
			requirement = {
				kind = upToNextMajorVersion;
				minimumVersion = 12.12.1;
			};
		};
/* End XCRemoteSwiftPackageReference section */

/* Begin XCSwiftPackageProductDependency section */
		CB87FF012FA73C5700C4AAAE /* FirebaseAuth */ = {
			isa = XCSwiftPackageProductDependency;
			package = CB87FF002FA73C5700C4AAAE /* XCRemoteSwiftPackageReference "firebase-ios-sdk" */;
			productName = FirebaseAuth;
		};
		CB87FF062FA73C5700C4AAAE /* FirebaseFirestore */ = {
			isa = XCSwiftPackageProductDependency;
			package = CB87FF002FA73C5700C4AAAE /* XCRemoteSwiftPackageReference "firebase-ios-sdk" */;
			productName = FirebaseFirestore;
		};
/* End XCSwiftPackageProductDependency section */
	};
	rootObject = CB87FE982FA6631300C4AAAE /* Project object */;
}
